
Microsoft Visual Studio Solution File, Format Version 12.00
# Visual Studio Version 17
VisualStudioVersion = 17.10.35122.118
MinimumVisualStudioVersion = 10.0.40219.1
Project("{FAE04EC0-301F-11D3-BF4B-00C04F79EFBC}") = "DigitalClock", "DigitalClock\DigitalClock.csproj", "{0743C797-640D-46CB-8643-DD86988DAA23}"
EndProject
Global
	GlobalSection(SolutionConfigurationPlatforms) = preSolution
		Debug|Any CPU = Debug|Any CPU
		Release|Any CPU = Release|Any CPU
	EndGlobalSection
	GlobalSection(ProjectConfigurationPlatforms) = postSolution
		{0743C797-640D-46CB-8643-DD86988DAA23}.Debug|Any CPU.ActiveCfg = Debug|Any CPU
		{0743C797-640D-46CB-8643-DD86988DAA23}.Debug|Any CPU.Build.0 = Debug|Any CPU
		{0743C797-640D-46CB-8643-DD86988DAA23}.Release|Any CPU.ActiveCfg = Release|Any CPU
		{0743C797-640D-46CB-8643-DD86988DAA23}.Release|Any CPU.Build.0 = Release|Any CPU
	EndGlobalSection
	GlobalSection(SolutionProperties) = preSolution
		HideSolutionNode = FALSE
	EndGlobalSection
	GlobalSection(ExtensibilityGlobals) = postSolution
		SolutionGuid = {268581B2-A9A5-4D5F-99A3-27B07F6ABF43}
	EndGlobalSection
EndGlobal
