
Microsoft Visual Studio Solution File, Format Version 12.00
# Visual Studio Version 17
VisualStudioVersion = 17.10.35122.118
MinimumVisualStudioVersion = 10.0.40219.1
Project("{9A19103F-16F7-4668-BE54-9A1E7A4F7556}") = "OpgaveBesvarelser", "OpgaveBesvarelser\OpgaveBesvarelser.csproj", "{D3140E70-863A-44A1-A1D1-7A81BB476D63}"
EndProject
Global
	GlobalSection(SolutionConfigurationPlatforms) = preSolution
		Debug|Any CPU = Debug|Any CPU
		Release|Any CPU = Release|Any CPU
	EndGlobalSection
	GlobalSection(ProjectConfigurationPlatforms) = postSolution
		{D3140E70-863A-44A1-A1D1-7A81BB476D63}.Debug|Any CPU.ActiveCfg = Debug|Any CPU
		{D3140E70-863A-44A1-A1D1-7A81BB476D63}.Debug|Any CPU.Build.0 = Debug|Any CPU
		{D3140E70-863A-44A1-A1D1-7A81BB476D63}.Release|Any CPU.ActiveCfg = Release|Any CPU
		{D3140E70-863A-44A1-A1D1-7A81BB476D63}.Release|Any CPU.Build.0 = Release|Any CPU
	EndGlobalSection
	GlobalSection(SolutionProperties) = preSolution
		HideSolutionNode = FALSE
	EndGlobalSection
	GlobalSection(ExtensibilityGlobals) = postSolution
		SolutionGuid = {B92B1430-41DC-49B8-98C6-9CBED960724B}
	EndGlobalSection
EndGlobal
